
Microsoft Visual Studio Solution File, Format Version 12.00
# Visual Studio Version 17
VisualStudioVersion = 17.14.36915.13 d17.14
MinimumVisualStudioVersion = 10.0.40219.1
Project("{FAE04EC0-301F-11D3-BF4B-00C04F79EFBC}") = "Magazin_de_incaltaminte", "Magazin_de_incaltaminte\Magazin_de_incaltaminte.csproj", "{860488F3-62B1-4DFD-80C9-16612A75222A}"
EndProject
Global
	GlobalSection(SolutionConfigurationPlatforms) = preSolution
		Debug|Any CPU = Debug|Any CPU
		Release|Any CPU = Release|Any CPU
	EndGlobalSection
	GlobalSection(ProjectConfigurationPlatforms) = postSolution
		{860488F3-62B1-4DFD-80C9-16612A75222A}.Debug|Any CPU.ActiveCfg = Debug|Any CPU
		{860488F3-62B1-4DFD-80C9-16612A75222A}.Debug|Any CPU.Build.0 = Debug|Any CPU
		{860488F3-62B1-4DFD-80C9-16612A75222A}.Release|Any CPU.ActiveCfg = Release|Any CPU
		{860488F3-62B1-4DFD-80C9-16612A75222A}.Release|Any CPU.Build.0 = Release|Any CPU
	EndGlobalSection
	GlobalSection(SolutionProperties) = preSolution
		HideSolutionNode = FALSE
	EndGlobalSection
	GlobalSection(ExtensibilityGlobals) = postSolution
		SolutionGuid = {49F65C49-A390-448C-B051-DF66FE6E75CF}
	EndGlobalSection
EndGlobal
